// !$*UTF8*$!
{
	archiveVersion = 1;
	classes = {
	};
	objectVersion = 70;
	objects = {

/* Begin PBXBuildFile section */
		1410E3B92997811B005E4FBF /* iOS_SwiftUI_Firebase_Login_TemplateApp.swift in Sources */ = {isa = PBXBuildFile; fileRef = 1410E3B82997811B005E4FBF /* iOS_SwiftUI_Firebase_Login_TemplateApp.swift */; };
		1410E3BB2997811B005E4FBF /* ContentView.swift in Sources */ = {isa = PBXBuildFile; fileRef = 1410E3BA2997811B005E4FBF /* ContentView.swift */; };
		1410E3C12997811D005E4FBF /* Preview Assets.xcassets in Resources */ = {isa = PBXBuildFile; fileRef = 1410E3C02997811D005E4FBF /* Preview Assets.xcassets */; };
		1410E3CD299781C7005E4FBF /* AuthenticationViewModel.swift in Sources */ = {isa = PBXBuildFile; fileRef = 1410E3CC299781C7005E4FBF /* AuthenticationViewModel.swift */; };
		1410E3D1299781E0005E4FBF /* Login.swift in Sources */ = {isa = PBXBuildFile; fileRef = 1410E3D0299781E0005E4FBF /* Login.swift */; };
		1410E3D3299781F3005E4FBF /* Home.swift in Sources */ = {isa = PBXBuildFile; fileRef = 1410E3D2299781F3005E4FBF /* Home.swift */; };
		1410E3E529978887005E4FBF /* LoginOptions.swift in Sources */ = {isa = PBXBuildFile; fileRef = 1410E3E429978886005E4FBF /* LoginOptions.swift */; };
		1410E3EB299788F7005E4FBF /* Extensions.swift in Sources */ = {isa = PBXBuildFile; fileRef = 1410E3EA299788F7005E4FBF /* Extensions.swift */; };
		1410E3F129978F97005E4FBF /* SocialLogins.swift in Sources */ = {isa = PBXBuildFile; fileRef = 1410E3F029978F97005E4FBF /* SocialLogins.swift */; };
		142FD6842997F94F00F42E77 /* Assets.xcassets in Resources */ = {isa = PBXBuildFile; fileRef = 142FD6832997F94F00F42E77 /* Assets.xcassets */; };
		147A32642D7B361F00DD45A5 /* FirebaseAppCheck in Frameworks */ = {isa = PBXBuildFile; productRef = 147A32632D7B361F00DD45A5 /* FirebaseAppCheck */; };
		147A32662D7B361F00DD45A5 /* FirebaseAuth in Frameworks */ = {isa = PBXBuildFile; productRef = 147A32652D7B361F00DD45A5 /* FirebaseAuth */; };
		147A32682D7B361F00DD45A5 /* FirebaseCore in Frameworks */ = {isa = PBXBuildFile; productRef = 147A32672D7B361F00DD45A5 /* FirebaseCore */; };
		147A326B2D7B364F00DD45A5 /* GoogleSignIn in Frameworks */ = {isa = PBXBuildFile; productRef = 147A326A2D7B364F00DD45A5 /* GoogleSignIn */; };
		147A326D2D7B364F00DD45A5 /* GoogleSignInSwift in Frameworks */ = {isa = PBXBuildFile; productRef = 147A326C2D7B364F00DD45A5 /* GoogleSignInSwift */; };
		147A32742D7BE85C00DD45A5 /* AuthError.swift in Sources */ = {isa = PBXBuildFile; fileRef = 147A32732D7BE85C00DD45A5 /* AuthError.swift */; };
		147A32762D7BE9A200DD45A5 /* SignInState.swift in Sources */ = {isa = PBXBuildFile; fileRef = 147A32752D7BE9A200DD45A5 /* SignInState.swift */; };
		147A32782D7BEB7600DD45A5 /* LoadingView.swift in Sources */ = {isa = PBXBuildFile; fileRef = 147A32772D7BEB7600DD45A5 /* LoadingView.swift */; };
		14F252F1299C133600DAC3B8 /* .gitignore in Resources */ = {isa = PBXBuildFile; fileRef = 14F252F0299C133600DAC3B8 /* .gitignore */; };
/* End PBXBuildFile section */

/* Begin PBXFileReference section */
		1410E3B52997811B005E4FBF /* iOS-SwiftUI-Firebase-Login-Template.app */ = {isa = PBXFileReference; explicitFileType = wrapper.application; includeInIndex = 0; path = "iOS-SwiftUI-Firebase-Login-Template.app"; sourceTree = BUILT_PRODUCTS_DIR; };
		1410E3B82997811B005E4FBF /* iOS_SwiftUI_Firebase_Login_TemplateApp.swift */ = {isa = PBXFileReference; lastKnownFileType = sourcecode.swift; path = iOS_SwiftUI_Firebase_Login_TemplateApp.swift; sourceTree = "<group>"; };
		1410E3BA2997811B005E4FBF /* ContentView.swift */ = {isa = PBXFileReference; lastKnownFileType = sourcecode.swift; path = ContentView.swift; sourceTree = "<group>"; };
		1410E3BE2997811D005E4FBF /* iOS_SwiftUI_Firebase_Login_Template.entitlements */ = {isa = PBXFileReference; lastKnownFileType = text.plist.entitlements; path = iOS_SwiftUI_Firebase_Login_Template.entitlements; sourceTree = "<group>"; };
		1410E3C02997811D005E4FBF /* Preview Assets.xcassets */ = {isa = PBXFileReference; lastKnownFileType = folder.assetcatalog; path = "Preview Assets.xcassets"; sourceTree = "<group>"; };
		1410E3CC299781C7005E4FBF /* AuthenticationViewModel.swift */ = {isa = PBXFileReference; fileEncoding = 4; lastKnownFileType = sourcecode.swift; path = AuthenticationViewModel.swift; sourceTree = "<group>"; };
		1410E3D0299781E0005E4FBF /* Login.swift */ = {isa = PBXFileReference; fileEncoding = 4; lastKnownFileType = sourcecode.swift; path = Login.swift; sourceTree = "<group>"; };
		1410E3D2299781F3005E4FBF /* Home.swift */ = {isa = PBXFileReference; fileEncoding = 4; lastKnownFileType = sourcecode.swift; path = Home.swift; sourceTree = "<group>"; };
		1410E3E429978886005E4FBF /* LoginOptions.swift */ = {isa = PBXFileReference; fileEncoding = 4; lastKnownFileType = sourcecode.swift; path = LoginOptions.swift; sourceTree = "<group>"; };
		1410E3EA299788F7005E4FBF /* Extensions.swift */ = {isa = PBXFileReference; fileEncoding = 4; lastKnownFileType = sourcecode.swift; path = Extensions.swift; sourceTree = "<group>"; };
		1410E3F029978F97005E4FBF /* SocialLogins.swift */ = {isa = PBXFileReference; lastKnownFileType = sourcecode.swift; path = SocialLogins.swift; sourceTree = "<group>"; };
		142FD6832997F94F00F42E77 /* Assets.xcassets */ = {isa = PBXFileReference; lastKnownFileType = folder.assetcatalog; path = Assets.xcassets; sourceTree = "<group>"; };
		147A326E2D7B3E2400DD45A5 /* Info.plist */ = {isa = PBXFileReference; lastKnownFileType = text.plist; path = Info.plist; sourceTree = "<group>"; };
		147A32732D7BE85C00DD45A5 /* AuthError.swift */ = {isa = PBXFileReference; lastKnownFileType = sourcecode.swift; path = AuthError.swift; sourceTree = "<group>"; };
		147A32752D7BE9A200DD45A5 /* SignInState.swift */ = {isa = PBXFileReference; lastKnownFileType = sourcecode.swift; path = SignInState.swift; sourceTree = "<group>"; };
		147A32772D7BEB7600DD45A5 /* LoadingView.swift */ = {isa = PBXFileReference; lastKnownFileType = sourcecode.swift; path = LoadingView.swift; sourceTree = "<group>"; };
		14F252F0299C133600DAC3B8 /* .gitignore */ = {isa = PBXFileReference; lastKnownFileType = text; path = .gitignore; sourceTree = "<group>"; };
/* End PBXFileReference section */

/* Begin PBXFileSystemSynchronizedRootGroup section */
		147A326F2D7BE81900DD45A5 /* Repositories */ = {isa = PBXFileSystemSynchronizedRootGroup; explicitFileTypes = {}; explicitFolders = (); path = Repositories; sourceTree = "<group>"; };
/* End PBXFileSystemSynchronizedRootGroup section */

/* Begin PBXFrameworksBuildPhase section */
		1410E3B22997811B005E4FBF /* Frameworks */ = {
			isa = PBXFrameworksBuildPhase;
			buildActionMask = 2147483647;
			files = (
				147A326D2D7B364F00DD45A5 /* GoogleSignInSwift in Frameworks */,
				147A32642D7B361F00DD45A5 /* FirebaseAppCheck in Frameworks */,
				147A326B2D7B364F00DD45A5 /* GoogleSignIn in Frameworks */,
				147A32682D7B361F00DD45A5 /* FirebaseCore in Frameworks */,
				147A32662D7B361F00DD45A5 /* FirebaseAuth in Frameworks */,
			);
			runOnlyForDeploymentPostprocessing = 0;
		};
/* End PBXFrameworksBuildPhase section */

/* Begin PBXGroup section */
		1410E3AC2997811B005E4FBF = {
			isa = PBXGroup;
			children = (
				14F252F0299C133600DAC3B8 /* .gitignore */,
				1410E3B72997811B005E4FBF /* iOS-SwiftUI-Firebase-Login-Template */,
				1410E3B62997811B005E4FBF /* Products */,
			);
			sourceTree = "<group>";
		};
		1410E3B62997811B005E4FBF /* Products */ = {
			isa = PBXGroup;
			children = (
				1410E3B52997811B005E4FBF /* iOS-SwiftUI-Firebase-Login-Template.app */,
			);
			name = Products;
			sourceTree = "<group>";
		};
		1410E3B72997811B005E4FBF /* iOS-SwiftUI-Firebase-Login-Template */ = {
			isa = PBXGroup;
			children = (
				1410E3BE2997811D005E4FBF /* iOS_SwiftUI_Firebase_Login_Template.entitlements */,
				147A326E2D7B3E2400DD45A5 /* Info.plist */,
				1410E3BA2997811B005E4FBF /* ContentView.swift */,
				1410E3B82997811B005E4FBF /* iOS_SwiftUI_Firebase_Login_TemplateApp.swift */,
				142FD6832997F94F00F42E77 /* Assets.xcassets */,
				1410E3E32997887D005E4FBF /* Enums */,
				1410E3BF2997811D005E4FBF /* Preview Content */,
				147A326F2D7BE81900DD45A5 /* Repositories */,
				1410E3E9299788EB005E4FBF /* Utils */,
				1410E3C929978171005E4FBF /* ViewModels */,
				1410E3C729978161005E4FBF /* Views */,
			);
			path = "iOS-SwiftUI-Firebase-Login-Template";
			sourceTree = "<group>";
		};
		1410E3BF2997811D005E4FBF /* Preview Content */ = {
			isa = PBXGroup;
			children = (
				1410E3C02997811D005E4FBF /* Preview Assets.xcassets */,
			);
			path = "Preview Content";
			sourceTree = "<group>";
		};
		1410E3C729978161005E4FBF /* Views */ = {
			isa = PBXGroup;
			children = (
				1410E3D2299781F3005E4FBF /* Home.swift */,
				1410E3D0299781E0005E4FBF /* Login.swift */,
				1410E3D42997833E005E4FBF /* Components */,
			);
			path = Views;
			sourceTree = "<group>";
		};
		1410E3C929978171005E4FBF /* ViewModels */ = {
			isa = PBXGroup;
			children = (
				1410E3CC299781C7005E4FBF /* AuthenticationViewModel.swift */,
			);
			path = ViewModels;
			sourceTree = "<group>";
		};
		1410E3D42997833E005E4FBF /* Components */ = {
			isa = PBXGroup;
			children = (
				147A32772D7BEB7600DD45A5 /* LoadingView.swift */,
				1410E3F029978F97005E4FBF /* SocialLogins.swift */,
			);
			path = Components;
			sourceTree = "<group>";
		};
		1410E3E32997887D005E4FBF /* Enums */ = {
			isa = PBXGroup;
			children = (
				147A32752D7BE9A200DD45A5 /* SignInState.swift */,
				147A32732D7BE85C00DD45A5 /* AuthError.swift */,
				1410E3E429978886005E4FBF /* LoginOptions.swift */,
			);
			path = Enums;
			sourceTree = "<group>";
		};
		1410E3E9299788EB005E4FBF /* Utils */ = {
			isa = PBXGroup;
			children = (
				1410E3EA299788F7005E4FBF /* Extensions.swift */,
			);
			path = Utils;
			sourceTree = "<group>";
		};
/* End PBXGroup section */

/* Begin PBXNativeTarget section */
		1410E3B42997811B005E4FBF /* iOS-SwiftUI-Firebase-Login-Template */ = {
			isa = PBXNativeTarget;
			buildConfigurationList = 1410E3C42997811D005E4FBF /* Build configuration list for PBXNativeTarget "iOS-SwiftUI-Firebase-Login-Template" */;
			buildPhases = (
				1410E3B12997811B005E4FBF /* Sources */,
				1410E3B22997811B005E4FBF /* Frameworks */,
				1410E3B32997811B005E4FBF /* Resources */,
			);
			buildRules = (
			);
			dependencies = (
			);
			fileSystemSynchronizedGroups = (
				147A326F2D7BE81900DD45A5 /* Repositories */,
			);
			name = "iOS-SwiftUI-Firebase-Login-Template";
			packageProductDependencies = (
				147A32632D7B361F00DD45A5 /* FirebaseAppCheck */,
				147A32652D7B361F00DD45A5 /* FirebaseAuth */,
				147A32672D7B361F00DD45A5 /* FirebaseCore */,
				147A326A2D7B364F00DD45A5 /* GoogleSignIn */,
				147A326C2D7B364F00DD45A5 /* GoogleSignInSwift */,
			);
			productName = "iOS-SwiftUI-Firebase-Login-Template";
			productReference = 1410E3B52997811B005E4FBF /* iOS-SwiftUI-Firebase-Login-Template.app */;
			productType = "com.apple.product-type.application";
		};
/* End PBXNativeTarget section */

/* Begin PBXProject section */
		1410E3AD2997811B005E4FBF /* Project object */ = {
			isa = PBXProject;
			attributes = {
				BuildIndependentTargetsInParallel = 1;
				LastSwiftUpdateCheck = 1400;
				LastUpgradeCheck = 1400;
				TargetAttributes = {
					1410E3B42997811B005E4FBF = {
						CreatedOnToolsVersion = 14.0;
					};
				};
			};
			buildConfigurationList = 1410E3B02997811B005E4FBF /* Build configuration list for PBXProject "iOS-SwiftUI-Firebase-Login-Template" */;
			compatibilityVersion = "Xcode 14.0";
			developmentRegion = en;
			hasScannedForEncodings = 0;
			knownRegions = (
				en,
				Base,
			);
			mainGroup = 1410E3AC2997811B005E4FBF;
			packageReferences = (
				147A32622D7B361F00DD45A5 /* XCRemoteSwiftPackageReference "firebase-ios-sdk" */,
				147A32692D7B364F00DD45A5 /* XCRemoteSwiftPackageReference "GoogleSignIn-iOS" */,
			);
			productRefGroup = 1410E3B62997811B005E4FBF /* Products */;
			projectDirPath = "";
			projectRoot = "";
			targets = (
				1410E3B42997811B005E4FBF /* iOS-SwiftUI-Firebase-Login-Template */,
			);
		};
/* End PBXProject section */

/* Begin PBXResourcesBuildPhase section */
		1410E3B32997811B005E4FBF /* Resources */ = {
			isa = PBXResourcesBuildPhase;
			buildActionMask = 2147483647;
			files = (
				14F252F1299C133600DAC3B8 /* .gitignore in Resources */,
				1410E3C12997811D005E4FBF /* Preview Assets.xcassets in Resources */,
				142FD6842997F94F00F42E77 /* Assets.xcassets in Resources */,
			);
			runOnlyForDeploymentPostprocessing = 0;
		};
/* End PBXResourcesBuildPhase section */

/* Begin PBXSourcesBuildPhase section */
		1410E3B12997811B005E4FBF /* Sources */ = {
			isa = PBXSourcesBuildPhase;
			buildActionMask = 2147483647;
			files = (
				1410E3F129978F97005E4FBF /* SocialLogins.swift in Sources */,
				147A32762D7BE9A200DD45A5 /* SignInState.swift in Sources */,
				1410E3CD299781C7005E4FBF /* AuthenticationViewModel.swift in Sources */,
				1410E3EB299788F7005E4FBF /* Extensions.swift in Sources */,
				1410E3BB2997811B005E4FBF /* ContentView.swift in Sources */,
				147A32782D7BEB7600DD45A5 /* LoadingView.swift in Sources */,
				147A32742D7BE85C00DD45A5 /* AuthError.swift in Sources */,
				1410E3B92997811B005E4FBF /* iOS_SwiftUI_Firebase_Login_TemplateApp.swift in Sources */,
				1410E3D1299781E0005E4FBF /* Login.swift in Sources */,
				1410E3E529978887005E4FBF /* LoginOptions.swift in Sources */,
				1410E3D3299781F3005E4FBF /* Home.swift in Sources */,
			);
			runOnlyForDeploymentPostprocessing = 0;
		};
/* End PBXSourcesBuildPhase section */

/* Begin XCBuildConfiguration section */
		1410E3C22997811D005E4FBF /* Debug */ = {
			isa = XCBuildConfiguration;
			buildSettings = {
				ALWAYS_SEARCH_USER_PATHS = NO;
				CLANG_ANALYZER_NONNULL = YES;
				CLANG_ANALYZER_NUMBER_OBJECT_CONVERSION = YES_AGGRESSIVE;
				CLANG_CXX_LANGUAGE_STANDARD = "gnu++20";
				CLANG_ENABLE_MODULES = YES;
				CLANG_ENABLE_OBJC_ARC = YES;
				CLANG_ENABLE_OBJC_WEAK = YES;
				CLANG_WARN_BLOCK_CAPTURE_AUTORELEASING = YES;
				CLANG_WARN_BOOL_CONVERSION = YES;
				CLANG_WARN_COMMA = YES;
				CLANG_WARN_CONSTANT_CONVERSION = YES;
				CLANG_WARN_DEPRECATED_OBJC_IMPLEMENTATIONS = YES;
				CLANG_WARN_DIRECT_OBJC_ISA_USAGE = YES_ERROR;
				CLANG_WARN_DOCUMENTATION_COMMENTS = YES;
				CLANG_WARN_EMPTY_BODY = YES;
				CLANG_WARN_ENUM_CONVERSION = YES;
				CLANG_WARN_INFINITE_RECURSION = YES;
				CLANG_WARN_INT_CONVERSION = YES;
				CLANG_WARN_NON_LITERAL_NULL_CONVERSION = YES;
				CLANG_WARN_OBJC_IMPLICIT_RETAIN_SELF = YES;
				CLANG_WARN_OBJC_LITERAL_CONVERSION = YES;
				CLANG_WARN_OBJC_ROOT_CLASS = YES_ERROR;
				CLANG_WARN_QUOTED_INCLUDE_IN_FRAMEWORK_HEADER = YES;
				CLANG_WARN_RANGE_LOOP_ANALYSIS = YES;
				CLANG_WARN_STRICT_PROTOTYPES = YES;
				CLANG_WARN_SUSPICIOUS_MOVE = YES;
				CLANG_WARN_UNGUARDED_AVAILABILITY = YES_AGGRESSIVE;
				CLANG_WARN_UNREACHABLE_CODE = YES;
				CLANG_WARN__DUPLICATE_METHOD_MATCH = YES;
				COPY_PHASE_STRIP = NO;
				DEBUG_INFORMATION_FORMAT = dwarf;
				ENABLE_STRICT_OBJC_MSGSEND = YES;
				ENABLE_TESTABILITY = YES;
				GCC_C_LANGUAGE_STANDARD = gnu11;
				GCC_DYNAMIC_NO_PIC = NO;
				GCC_NO_COMMON_BLOCKS = YES;
				GCC_OPTIMIZATION_LEVEL = 0;
				GCC_PREPROCESSOR_DEFINITIONS = (
					"DEBUG=1",
					"$(inherited)",
				);
				GCC_WARN_64_TO_32_BIT_CONVERSION = YES;
				GCC_WARN_ABOUT_RETURN_TYPE = YES_ERROR;
				GCC_WARN_UNDECLARED_SELECTOR = YES;
				GCC_WARN_UNINITIALIZED_AUTOS = YES_AGGRESSIVE;
				GCC_WARN_UNUSED_FUNCTION = YES;
				GCC_WARN_UNUSED_VARIABLE = YES;
				MTL_ENABLE_DEBUG_INFO = INCLUDE_SOURCE;
				MTL_FAST_MATH = YES;
				ONLY_ACTIVE_ARCH = YES;
				SWIFT_ACTIVE_COMPILATION_CONDITIONS = DEBUG;
				SWIFT_OPTIMIZATION_LEVEL = "-Onone";
			};
			name = Debug;
		};
		1410E3C32997811D005E4FBF /* Release */ = {
			isa = XCBuildConfiguration;
			buildSettings = {
				ALWAYS_SEARCH_USER_PATHS = NO;
				CLANG_ANALYZER_NONNULL = YES;
				CLANG_ANALYZER_NUMBER_OBJECT_CONVERSION = YES_AGGRESSIVE;
				CLANG_CXX_LANGUAGE_STANDARD = "gnu++20";
				CLANG_ENABLE_MODULES = YES;
				CLANG_ENABLE_OBJC_ARC = YES;
				CLANG_ENABLE_OBJC_WEAK = YES;
				CLANG_WARN_BLOCK_CAPTURE_AUTORELEASING = YES;
				CLANG_WARN_BOOL_CONVERSION = YES;
				CLANG_WARN_COMMA = YES;
				CLANG_WARN_CONSTANT_CONVERSION = YES;
				CLANG_WARN_DEPRECATED_OBJC_IMPLEMENTATIONS = YES;
				CLANG_WARN_DIRECT_OBJC_ISA_USAGE = YES_ERROR;
				CLANG_WARN_DOCUMENTATION_COMMENTS = YES;
				CLANG_WARN_EMPTY_BODY = YES;
				CLANG_WARN_ENUM_CONVERSION = YES;
				CLANG_WARN_INFINITE_RECURSION = YES;
				CLANG_WARN_INT_CONVERSION = YES;
				CLANG_WARN_NON_LITERAL_NULL_CONVERSION = YES;
				CLANG_WARN_OBJC_IMPLICIT_RETAIN_SELF = YES;
				CLANG_WARN_OBJC_LITERAL_CONVERSION = YES;
				CLANG_WARN_OBJC_ROOT_CLASS = YES_ERROR;
				CLANG_WARN_QUOTED_INCLUDE_IN_FRAMEWORK_HEADER = YES;
				CLANG_WARN_RANGE_LOOP_ANALYSIS = YES;
				CLANG_WARN_STRICT_PROTOTYPES = YES;
				CLANG_WARN_SUSPICIOUS_MOVE = YES;
				CLANG_WARN_UNGUARDED_AVAILABILITY = YES_AGGRESSIVE;
				CLANG_WARN_UNREACHABLE_CODE = YES;
				CLANG_WARN__DUPLICATE_METHOD_MATCH = YES;
				COPY_PHASE_STRIP = NO;
				DEBUG_INFORMATION_FORMAT = "dwarf-with-dsym";
				ENABLE_NS_ASSERTIONS = NO;
				ENABLE_STRICT_OBJC_MSGSEND = YES;
				GCC_C_LANGUAGE_STANDARD = gnu11;
				GCC_NO_COMMON_BLOCKS = YES;
				GCC_WARN_64_TO_32_BIT_CONVERSION = YES;
				GCC_WARN_ABOUT_RETURN_TYPE = YES_ERROR;
				GCC_WARN_UNDECLARED_SELECTOR = YES;
				GCC_WARN_UNINITIALIZED_AUTOS = YES_AGGRESSIVE;
				GCC_WARN_UNUSED_FUNCTION = YES;
				GCC_WARN_UNUSED_VARIABLE = YES;
				MTL_ENABLE_DEBUG_INFO = NO;
				MTL_FAST_MATH = YES;
				SWIFT_COMPILATION_MODE = wholemodule;
				SWIFT_OPTIMIZATION_LEVEL = "-O";
			};
			name = Release;
		};
		1410E3C52997811D005E4FBF /* Debug */ = {
			isa = XCBuildConfiguration;
			buildSettings = {
				ASSETCATALOG_COMPILER_APPICON_NAME = AppIcon;
				ASSETCATALOG_COMPILER_GLOBAL_ACCENT_COLOR_NAME = AccentColor;
				CODE_SIGN_ENTITLEMENTS = "iOS-SwiftUI-Firebase-Login-Template/iOS_SwiftUI_Firebase_Login_Template.entitlements";
				CODE_SIGN_IDENTITY = "Apple Development";
				CODE_SIGN_STYLE = Automatic;
				CURRENT_PROJECT_VERSION = 1;
				DEVELOPMENT_ASSET_PATHS = "\"iOS-SwiftUI-Firebase-Login-Template/Preview Content\"";
				DEVELOPMENT_TEAM = "";
				ENABLE_PREVIEWS = YES;
				GENERATE_INFOPLIST_FILE = YES;
				INFOPLIST_FILE = "iOS-SwiftUI-Firebase-Login-Template/Info.plist";
				"INFOPLIST_KEY_UIApplicationSceneManifest_Generation[sdk=iphoneos*]" = YES;
				"INFOPLIST_KEY_UIApplicationSceneManifest_Generation[sdk=iphonesimulator*]" = YES;
				"INFOPLIST_KEY_UIApplicationSupportsIndirectInputEvents[sdk=iphoneos*]" = YES;
				"INFOPLIST_KEY_UIApplicationSupportsIndirectInputEvents[sdk=iphonesimulator*]" = YES;
				"INFOPLIST_KEY_UILaunchScreen_Generation[sdk=iphoneos*]" = YES;
				"INFOPLIST_KEY_UILaunchScreen_Generation[sdk=iphonesimulator*]" = YES;
				"INFOPLIST_KEY_UIStatusBarStyle[sdk=iphoneos*]" = UIStatusBarStyleDefault;
				"INFOPLIST_KEY_UIStatusBarStyle[sdk=iphonesimulator*]" = UIStatusBarStyleDefault;
				INFOPLIST_KEY_UISupportedInterfaceOrientations_iPad = "UIInterfaceOrientationPortrait UIInterfaceOrientationPortraitUpsideDown UIInterfaceOrientationLandscapeLeft UIInterfaceOrientationLandscapeRight";
				INFOPLIST_KEY_UISupportedInterfaceOrientations_iPhone = "UIInterfaceOrientationPortrait UIInterfaceOrientationLandscapeLeft UIInterfaceOrientationLandscapeRight";
				IPHONEOS_DEPLOYMENT_TARGET = 18.0;
				LD_RUNPATH_SEARCH_PATHS = "@executable_path/Frameworks";
				"LD_RUNPATH_SEARCH_PATHS[sdk=macosx*]" = "@executable_path/../Frameworks";
				MACOSX_DEPLOYMENT_TARGET = 12.3;
				MARKETING_VERSION = 1.0;
				PRODUCT_BUNDLE_IDENTIFIER = com.TannerMaasen.iosAuthExample;
				PRODUCT_NAME = "$(TARGET_NAME)";
				PROVISIONING_PROFILE_SPECIFIER = "";
				SDKROOT = auto;
				SUPPORTED_PLATFORMS = "iphoneos iphonesimulator";
				SUPPORTS_MACCATALYST = NO;
				SUPPORTS_MAC_DESIGNED_FOR_IPHONE_IPAD = NO;
				SWIFT_EMIT_LOC_STRINGS = YES;
				SWIFT_VERSION = 5.0;
				TARGETED_DEVICE_FAMILY = "1,2";
			};
			name = Debug;
		};
		1410E3C62997811D005E4FBF /* Release */ = {
			isa = XCBuildConfiguration;
			buildSettings = {
				ASSETCATALOG_COMPILER_APPICON_NAME = AppIcon;
				ASSETCATALOG_COMPILER_GLOBAL_ACCENT_COLOR_NAME = AccentColor;
				CODE_SIGN_ENTITLEMENTS = "iOS-SwiftUI-Firebase-Login-Template/iOS_SwiftUI_Firebase_Login_Template.entitlements";
				CODE_SIGN_IDENTITY = "Apple Development";
				CODE_SIGN_STYLE = Automatic;
				CURRENT_PROJECT_VERSION = 1;
				DEVELOPMENT_ASSET_PATHS = "\"iOS-SwiftUI-Firebase-Login-Template/Preview Content\"";
				DEVELOPMENT_TEAM = "";
				ENABLE_PREVIEWS = YES;
				GENERATE_INFOPLIST_FILE = YES;
				INFOPLIST_FILE = "iOS-SwiftUI-Firebase-Login-Template/Info.plist";
				"INFOPLIST_KEY_UIApplicationSceneManifest_Generation[sdk=iphoneos*]" = YES;
				"INFOPLIST_KEY_UIApplicationSceneManifest_Generation[sdk=iphonesimulator*]" = YES;
				"INFOPLIST_KEY_UIApplicationSupportsIndirectInputEvents[sdk=iphoneos*]" = YES;
				"INFOPLIST_KEY_UIApplicationSupportsIndirectInputEvents[sdk=iphonesimulator*]" = YES;
				"INFOPLIST_KEY_UILaunchScreen_Generation[sdk=iphoneos*]" = YES;
				"INFOPLIST_KEY_UILaunchScreen_Generation[sdk=iphonesimulator*]" = YES;
				"INFOPLIST_KEY_UIStatusBarStyle[sdk=iphoneos*]" = UIStatusBarStyleDefault;
				"INFOPLIST_KEY_UIStatusBarStyle[sdk=iphonesimulator*]" = UIStatusBarStyleDefault;
				INFOPLIST_KEY_UISupportedInterfaceOrientations_iPad = "UIInterfaceOrientationPortrait UIInterfaceOrientationPortraitUpsideDown UIInterfaceOrientationLandscapeLeft UIInterfaceOrientationLandscapeRight";
				INFOPLIST_KEY_UISupportedInterfaceOrientations_iPhone = "UIInterfaceOrientationPortrait UIInterfaceOrientationLandscapeLeft UIInterfaceOrientationLandscapeRight";
				IPHONEOS_DEPLOYMENT_TARGET = 18.0;
				LD_RUNPATH_SEARCH_PATHS = "@executable_path/Frameworks";
				"LD_RUNPATH_SEARCH_PATHS[sdk=macosx*]" = "@executable_path/../Frameworks";
				MACOSX_DEPLOYMENT_TARGET = 12.3;
				MARKETING_VERSION = 1.0;
				PRODUCT_BUNDLE_IDENTIFIER = com.TannerMaasen.iosAuthExample;
				PRODUCT_NAME = "$(TARGET_NAME)";
				PROVISIONING_PROFILE_SPECIFIER = "";
				SDKROOT = auto;
				SUPPORTED_PLATFORMS = "iphoneos iphonesimulator";
				SUPPORTS_MACCATALYST = NO;
				SUPPORTS_MAC_DESIGNED_FOR_IPHONE_IPAD = NO;
				SWIFT_EMIT_LOC_STRINGS = YES;
				SWIFT_VERSION = 5.0;
				TARGETED_DEVICE_FAMILY = "1,2";
			};
			name = Release;
		};
/* End XCBuildConfiguration section */

/* Begin XCConfigurationList section */
		1410E3B02997811B005E4FBF /* Build configuration list for PBXProject "iOS-SwiftUI-Firebase-Login-Template" */ = {
			isa = XCConfigurationList;
			buildConfigurations = (
				1410E3C22997811D005E4FBF /* Debug */,
				1410E3C32997811D005E4FBF /* Release */,
			);
			defaultConfigurationIsVisible = 0;
			defaultConfigurationName = Release;
		};
		1410E3C42997811D005E4FBF /* Build configuration list for PBXNativeTarget "iOS-SwiftUI-Firebase-Login-Template" */ = {
			isa = XCConfigurationList;
			buildConfigurations = (
				1410E3C52997811D005E4FBF /* Debug */,
				1410E3C62997811D005E4FBF /* Release */,
			);
			defaultConfigurationIsVisible = 0;
			defaultConfigurationName = Release;
		};
/* End XCConfigurationList section */

/* Begin XCRemoteSwiftPackageReference section */
		147A32622D7B361F00DD45A5 /* XCRemoteSwiftPackageReference "firebase-ios-sdk" */ = {
			isa = XCRemoteSwiftPackageReference;
			repositoryURL = "https://github.com/firebase/firebase-ios-sdk";
			requirement = {
				kind = upToNextMajorVersion;
				minimumVersion = 11.9.0;
			};
		};
		147A32692D7B364F00DD45A5 /* XCRemoteSwiftPackageReference "GoogleSignIn-iOS" */ = {
			isa = XCRemoteSwiftPackageReference;
			repositoryURL = "https://github.com/google/GoogleSignIn-iOS";
			requirement = {
				kind = upToNextMajorVersion;
				minimumVersion = 8.0.0;
			};
		};
/* End XCRemoteSwiftPackageReference section */

/* Begin XCSwiftPackageProductDependency section */
		147A32632D7B361F00DD45A5 /* FirebaseAppCheck */ = {
			isa = XCSwiftPackageProductDependency;
			package = 147A32622D7B361F00DD45A5 /* XCRemoteSwiftPackageReference "firebase-ios-sdk" */;
			productName = FirebaseAppCheck;
		};
		147A32652D7B361F00DD45A5 /* FirebaseAuth */ = {
			isa = XCSwiftPackageProductDependency;
			package = 147A32622D7B361F00DD45A5 /* XCRemoteSwiftPackageReference "firebase-ios-sdk" */;
			productName = FirebaseAuth;
		};
		147A32672D7B361F00DD45A5 /* FirebaseCore */ = {
			isa = XCSwiftPackageProductDependency;
			package = 147A32622D7B361F00DD45A5 /* XCRemoteSwiftPackageReference "firebase-ios-sdk" */;
			productName = FirebaseCore;
		};
		147A326A2D7B364F00DD45A5 /* GoogleSignIn */ = {
			isa = XCSwiftPackageProductDependency;
			package = 147A32692D7B364F00DD45A5 /* XCRemoteSwiftPackageReference "GoogleSignIn-iOS" */;
			productName = GoogleSignIn;
		};
		147A326C2D7B364F00DD45A5 /* GoogleSignInSwift */ = {
			isa = XCSwiftPackageProductDependency;
			package = 147A32692D7B364F00DD45A5 /* XCRemoteSwiftPackageReference "GoogleSignIn-iOS" */;
			productName = GoogleSignInSwift;
		};
/* End XCSwiftPackageProductDependency section */
	};
	rootObject = 1410E3AD2997811B005E4FBF /* Project object */;
}
